
Microsoft Visual Studio Solution File, Format Version 12.00
# Visual Studio Version 16
VisualStudioVersion = 16.0.29519.87
MinimumVisualStudioVersion = 10.0.40219.1
Project("{8BC9CEB8-8B4A-11D0-8D11-00A0C91BC942}") = "MQ2SQLite", "src\MQ2SQLite.vcxproj", "{27B32454-420C-4CDD-8321-62BCE309BF78}"
	ProjectSection(ProjectDependencies) = postProject
		{99DE5CED-13B4-487E-861F-63E72DE382AD} = {99DE5CED-13B4-487E-861F-63E72DE382AD}
	EndProjectSection
EndProject
Project("{8BC9CEB8-8B4A-11D0-8D11-00A0C91BC942}") = "sqlite3", "external\sqlite3\sqlite3.vcxproj", "{99DE5CED-13B4-487E-861F-63E72DE382AD}"
EndProject
Global
	GlobalSection(SolutionConfigurationPlatforms) = preSolution
		Debug|Win32 = Debug|Win32
		Release|Win32 = Release|Win32
	EndGlobalSection
	GlobalSection(ProjectConfigurationPlatforms) = postSolution
		{27B32454-420C-4CDD-8321-62BCE309BF78}.Debug|Win32.ActiveCfg = Debug|Win32
		{27B32454-420C-4CDD-8321-62BCE309BF78}.Debug|Win32.Build.0 = Debug|Win32
		{27B32454-420C-4CDD-8321-62BCE309BF78}.Release|Win32.ActiveCfg = Release|Win32
		{27B32454-420C-4CDD-8321-62BCE309BF78}.Release|Win32.Build.0 = Release|Win32
		{99DE5CED-13B4-487E-861F-63E72DE382AD}.Debug|Win32.ActiveCfg = Debug|Win32
		{99DE5CED-13B4-487E-861F-63E72DE382AD}.Debug|Win32.Build.0 = Debug|Win32
		{99DE5CED-13B4-487E-861F-63E72DE382AD}.Release|Win32.ActiveCfg = Release|Win32
		{99DE5CED-13B4-487E-861F-63E72DE382AD}.Release|Win32.Build.0 = Release|Win32
	EndGlobalSection
	GlobalSection(SolutionProperties) = preSolution
		HideSolutionNode = FALSE
	EndGlobalSection
	GlobalSection(ExtensibilityGlobals) = postSolution
		SolutionGuid = {6650ED4F-8E22-44E4-B4E5-8EFA96E706A7}
	EndGlobalSection
EndGlobal
